cloud.google.com/go v0.112.0 h1:tpFCD7hpHFlQ8yPwT3x+QeXqc2T6+n6T+hmABHfDUSM=
cloud.google.com/go/compute v1.23.4 h1:EBT9Nw4q3zyE7G45Wvv3MzolIrCJEuHys5muLY0wvAw=
cloud.google.com/go/compute/metadata v0.2.3 h1:mg4jlk7mCAj6xXp9UJ4fjI9VUI5rubuGBW5aJ7UnBMY=
cloud.google.com/go/firestore v1.14.0 h1:8aLcKnMPoldYU3YHgu4t2exrKhLQkqaXAGqT0ljrFVw=
cloud.google.com/go/iam v1.1.6 h1:bEa06k05IO4f4uJonbB5iAgKTPpABy1ayxaIZV/GHVc=
cloud.google.com/go/longrunning v0.5.5 h1:GOE6pZFdSrTb4KAiKnXsJBtlE6mEyaW44oKyMILWnOg=
cloud.google.com/go/storage v1.38.0 h1:Az68ZRGlnNTpIBbLjSMIV2BDcwwXYlRlQzis0llkpJg=
firebase.google.com/go/v4 v4.13.0 h1:meFz9nvDNh/FDyrEykoAzSfComcQbmnQSjoHrePRqeI=
github.com/MicahParks/keyfunc v1.9.0 h1:lhKd5xrFHLNOWrDc4Tyb/Q1AJ4LCzQ48GVJyVIID3+o=
github.com/cncf/xds/go v0.0.0-20231109132714-523115ebc101 h1:7To3pQ+pZo0i3dsWEbinPNFs5gPSBOsJtx3wTT94VBY=
github.com/davecgh/go-spew v1.1.1 h1:vj9j/u1bqnvCEfJOwUhtlOARqs3+rkHYY13jYWTU97c=
github.com/envoyproxy/protoc-gen-validate v1.0.2 h1:QkIBuU5k+x7/QXPvPPnWXWlCdaBFApVqftFV6k087DA=
github.com/felixge/httpsnoop v1.0.4 h1:NFTV2Zj1bL4mc9sqWACXbQFVBBg2W3GPvqp8/ESS2Wg=
github.com/go-logr/logr v1.4.1 h1:pKouT5E8xu9zeFC39JXRDukb6JFQPXM5p5I91188VAQ=
github.com/go-logr/stdr v1.2.2 h1:hSWxHoqTgW2S2qGc0LTAI563KZ5YKYRhT3MFKZMbjag=
github.com/golang-jwt/jwt/v4 v4.5.0 h1:7cYmW1XlMY7h7ii7UhUyChSgS5wUJEnm9uZVTGqOWzg=
github.com/golang/groupcache v0.0.0-20210331224755-41bb18bfe9da h1:oI5xCqsCo564l8iNU+DwB5epxmsaqB+rhGL0m5jtYqE=
github.com/golang/protobuf v1.5.3 h1:KhyjKVUg7Usr/dYsdSqoFveMYd5ko72D+zANwlG1mmg=
github.com/google/go-cmp v0.6.0 h1:ofyhxvXcZhMsU5ulbFiLKl/XBFqE1GSq7atu8tAmTRI=
github.com/google/martian/v3 v3.3.2 h1:IqNFLAmvJOgVlpdEBiQbDc2EwKW77amAycfTuWKdfvw=
github.com/google/s2a-go v0.1.7 h1:60BLSyTrOV4/haCDW4zb1guZItoSq8foHCXrAnjBo/o=
github.com/google/uuid v1.6.0 h1:NIvaJDMOsjHA8n1jAhLSgzrAzy1Hgr+hNrb57e+94F0=
github.com/googleapis/enterprise-certificate-proxy v0.3.2 h1:Vie5ybvEvT75RniqhfFxPRy3Bf7vr3h0cechB90XaQs=
github.com/googleapis/gax-go/v2 v2.12.1 h1:9F8GV9r9ztXyAi00gsMQHNoF51xPZm8uj1dpYt2ZETM=
github.com/joho/godotenv v1.5.1 h1:7eLL/+HRGLY0ldzfGMeQkb7vMd0as4CfYvUVzLqw0N0=
github.com/mattn/go-colorable v0.1.13 h1:fFA4WZxdEF4tXPZVKMLwD8oUnCTTo08duU7wxecdEvA=
github.com/mattn/go-isatty v0.0.20 h1:xfD0iDuEKnDkl03q4limB+vH+GxLEtL/jb4xVJSWWEY=
github.com/pmezard/go-difflib v1.0.0 h1:4DBwDE0NGyQoBHbLQYPwSUPoCMWR5BEzIk/f1lZbAQM=
github.com/rs/zerolog v1.32.0 h1:keLypqrlIjaFsbmJOBdB/qvyF8KEtCWHwobLp5l/mQ0=
github.com/stretchr/testify v1.8.4 h1:CcVxjf3Q8PM0mHUKJCdn+eZZtm5yQwehR5yeSVQQcUk=
go.opencensus.io v0.24.0 h1:y73uSU6J157QMP2kn2r30vwW1A2W2WFwSCGnAVxeaD0=
go.opentelemetry.io/contrib/instrumentation/google.golang.org/grpc/otelgrpc v0.48.0 h1:P+/g8GpuJGYbOp2tAdKrIPUX9JO02q8Q0YNlHolpibA=
go.opentelemetry.io/contrib/instrumentation/net/http/otelhttp v0.48.0 h1:doUP+ExOpH3spVTLS0FcWGLnQrPct/hD/bCPbDRUEAU=
go.opentelemetry.io/otel v1.23.0 h1:Df0pqjqExIywbMCMTxkAwzjLZtRf+bBKLbUcpxO2C9E=
go.opentelemetry.io/otel/metric v1.23.0 h1:pazkx7ss4LFVVYSxYew7L5I6qvLXHA0Ap2pwV+9Cnpo=
go.opentelemetry.io/otel/sdk v1.21.0 h1:FTt8qirL1EysG6sTQRZ5TokkU8d0ugCj8htOgThZXQ8=
go.opentelemetry.io/otel/trace v1.23.0 h1:37Ik5Ib7xfYVb4V1UtnT97T1jI+AoIYkJyPkuL4iJgI=
golang.org/x/crypto v0.19.0 h1:ENy+Az/9Y1vSrlrvBSyna3PITt4tiZLf7sgCjZBX7Wo=
golang.org/x/exp v0.0.0-20220827204233-334a2380cb91 h1:tnebWN09GYg9OLPss1KXj8txwZc6X6uMr6VFdcGNbHw=
golang.org/x/net v0.21.0 h1:AQyQV4dYCvJ7vGmJyKki9+PBdyvhkSd8EIx/qb0AYv4=
golang.org/x/oauth2 v0.17.0 h1:6m3ZPmLEFdVxKKWnKq4VqZ60gutO35zm+zrAHVmHyDQ=
golang.org/x/sync v0.6.0 h1:5BMeUDZ7vkXGfEr1x9B4bRcTH4lpkTkpdh0T/J+qjbQ=
golang.org/x/sys v0.17.0 h1:25cE3gD+tdBA7lp7QfhuV+rJiE9YXTcS3VG1SqssI/Y=
golang.org/x/text v0.14.0 h1:ScX5w1eTa3QqT8oi6+ziP7dTV1S2+ALU0bI+0zXKWiQ=
golang.org/x/time v0.5.0 h1:o7cqy6amK/52YcAKIPlM3a+Fpj35zvRj2TP+e1xFSfk=
golang.org/x/xerrors v0.0.0-20231012003039-104605ab7028 h1:+cNy6SZtPcJQH3LJVLOSmiC7MMxXNOb3PU/VUEz+EhU=
google.golang.org/api v0.167.0 h1:CKHrQD1BLRii6xdkatBDXyKzM0mkawt2QP+H3LtPmSE=
google.golang.org/appengine v1.6.8 h1:IhEN5q69dyKagZPYMSdIjS2HqprW324FRQZJcGqPAsM=
google.golang.org/appengine/v2 v2.0.2 h1:MSqyWy2shDLwG7chbwBJ5uMyw6SNqJzhJHNDwYB0Akk=
google.golang.org/genproto v0.0.0-20240205150955-31a09d347014 h1:g/4bk7P6TPMkAUbUhquq98xey1slwvuVJPosdBqYJlU=
google.golang.org/genproto/googleapis/api v0.0.0-20240205150955-31a09d347014 h1:x9PwdEgd11LgK+orcck69WVRo7DezSO4VUMPI4xpc8A=
google.golang.org/genproto/googleapis/rpc v0.0.0-20240213162025-012b6fc9bca9 h1:hZB7eLIaYlW9qXRfCq/qDaPdbeY3757uARz5Vvfv+cY=
google.golang.org/grpc v1.61.1 h1:kLAiWrZs7YeDM6MumDe7m3y4aM6wacLzM1Y/wiLP9XY=
google.golang.org/protobuf v1.32.0 h1:pPC6BG5ex8PDFnkbrGU3EixyhKcQ2aDuBS36lqK/C7I=
gopkg.in/yaml.v3 v3.0.1 h1:fxVm/GzAzEWqLHuvctI91KS9hhNmmWOoWu0XTYJS7CA=
